
Microsoft Visual Studio Solution File, Format Version 12.00
# Visual Studio Version 17
VisualStudioVersion = 17.10.34928.147
MinimumVisualStudioVersion = 10.0.40219.1
Project("{2150E333-8FDC-42A3-9474-1A3956D46DE8}") = "src", "src", "{676ED0A4-8A74-4D79-8D02-C416C7CE84FD}"
EndProject
Project("{2150E333-8FDC-42A3-9474-1A3956D46DE8}") = "BackEnd", "BackEnd", "{BB8CDA4A-3BBE-4856-859C-E965C736F5CF}"
EndProject
Project("{2150E333-8FDC-42A3-9474-1A3956D46DE8}") = "FrontEnd", "FrontEnd", "{A8FAB994-ADE9-4FDF-B1BB-CF70A74CCD94}"
EndProject
Project("{2150E333-8FDC-42A3-9474-1A3956D46DE8}") = "Common", "Common", "{25F4681A-DA27-4F74-B689-89A7CC7CB812}"
EndProject
Project("{2150E333-8FDC-42A3-9474-1A3956D46DE8}") = "Modules", "Modules", "{A671FE7A-578F-41CE-BB96-1F308DFBF5F6}"
EndProject
Project("{9A19103F-16F7-4668-BE54-9A1E7A4F7556}") = "ShopPro.Common.Data", "ShopPro.Common.Data\ShopPro.Common.Data.csproj", "{ACFA8CC5-FA14-467E-9DEF-3D01413DB6CC}"
EndProject
Project("{2150E333-8FDC-42A3-9474-1A3956D46DE8}") = "Infraestructure", "Infraestructure", "{F1C5E675-09FB-4D2C-B9F2-C14E0FD499EB}"
EndProject
Project("{9A19103F-16F7-4668-BE54-9A1E7A4F7556}") = "ShopPro.Infraestructure", "ShopPro.Infraestructure\ShopPro.Infraestructure.csproj", "{09B300DE-3207-4887-B5C4-A44262F8F742}"
EndProject
Project("{2150E333-8FDC-42A3-9474-1A3956D46DE8}") = "Catalog Management", "Catalog Management", "{63B83D6C-7A19-47B1-BF81-95170B2A2ED4}"
EndProject
Project("{2150E333-8FDC-42A3-9474-1A3956D46DE8}") = "Apis", "Apis", "{640C52DF-06B2-4746-B07E-7554C5BF2367}"
EndProject
Project("{2150E333-8FDC-42A3-9474-1A3956D46DE8}") = "Application", "Application", "{07E475F8-FD21-4286-891C-DEA27E24B996}"
EndProject
Project("{2150E333-8FDC-42A3-9474-1A3956D46DE8}") = "Domain", "Domain", "{2FC78F1B-E1F2-4415-8972-AFBEEC778A96}"
EndProject
Project("{2150E333-8FDC-42A3-9474-1A3956D46DE8}") = "Persistence", "Persistence", "{DBCC44EA-20DA-472C-ABA2-E71B63ED21E0}"
EndProject
Project("{2150E333-8FDC-42A3-9474-1A3956D46DE8}") = "IOC", "IOC", "{DDD97181-DA1B-4A0D-B948-DDD33EA43D1B}"
EndProject
Project("{9A19103F-16F7-4668-BE54-9A1E7A4F7556}") = "ShopPro.Catalog.Application", "ShopPro.Catalog.Application\ShopPro.Catalog.Application.csproj", "{54D38AFD-6322-4D45-842B-9425C2A084C7}"
EndProject
Project("{9A19103F-16F7-4668-BE54-9A1E7A4F7556}") = "ShopPro.Catalog.Domain", "ShopPro.Catalog.Domain\ShopPro.Catalog.Domain.csproj", "{FF5C2AFB-07DB-4DFD-86B7-6F06F1493899}"
EndProject
Project("{9A19103F-16F7-4668-BE54-9A1E7A4F7556}") = "ShopPro.Catalog.IOC", "ShopPro.Catalog.IOC\ShopPro.Catalog.IOC.csproj", "{67CDD988-1B43-4D4B-858D-90D1443648AA}"
EndProject
Project("{9A19103F-16F7-4668-BE54-9A1E7A4F7556}") = "ShopPro.Catalog.Persistence", "ShopPro.Catalog.Persistence\ShopPro.Catalog.Persistence.csproj", "{3EC94487-F1E8-4691-BDE1-43A6727B1CB7}"
EndProject
Project("{9A19103F-16F7-4668-BE54-9A1E7A4F7556}") = "ShopPro.Catalog.Api", "ShopPro.Catalog.Api\ShopPro.Catalog.Api.csproj", "{23EA62A5-71C7-4A7B-9807-E55C652819E8}"
EndProject
Global
	GlobalSection(SolutionConfigurationPlatforms) = preSolution
		Debug|Any CPU = Debug|Any CPU
		Release|Any CPU = Release|Any CPU
	EndGlobalSection
	GlobalSection(ProjectConfigurationPlatforms) = postSolution
		{ACFA8CC5-FA14-467E-9DEF-3D01413DB6CC}.Debug|Any CPU.ActiveCfg = Debug|Any CPU
		{ACFA8CC5-FA14-467E-9DEF-3D01413DB6CC}.Debug|Any CPU.Build.0 = Debug|Any CPU
		{ACFA8CC5-FA14-467E-9DEF-3D01413DB6CC}.Release|Any CPU.ActiveCfg = Release|Any CPU
		{ACFA8CC5-FA14-467E-9DEF-3D01413DB6CC}.Release|Any CPU.Build.0 = Release|Any CPU
		{09B300DE-3207-4887-B5C4-A44262F8F742}.Debug|Any CPU.ActiveCfg = Debug|Any CPU
		{09B300DE-3207-4887-B5C4-A44262F8F742}.Debug|Any CPU.Build.0 = Debug|Any CPU
		{09B300DE-3207-4887-B5C4-A44262F8F742}.Release|Any CPU.ActiveCfg = Release|Any CPU
		{09B300DE-3207-4887-B5C4-A44262F8F742}.Release|Any CPU.Build.0 = Release|Any CPU
		{54D38AFD-6322-4D45-842B-9425C2A084C7}.Debug|Any CPU.ActiveCfg = Debug|Any CPU
		{54D38AFD-6322-4D45-842B-9425C2A084C7}.Debug|Any CPU.Build.0 = Debug|Any CPU
		{54D38AFD-6322-4D45-842B-9425C2A084C7}.Release|Any CPU.ActiveCfg = Release|Any CPU
		{54D38AFD-6322-4D45-842B-9425C2A084C7}.Release|Any CPU.Build.0 = Release|Any CPU
		{FF5C2AFB-07DB-4DFD-86B7-6F06F1493899}.Debug|Any CPU.ActiveCfg = Debug|Any CPU
		{FF5C2AFB-07DB-4DFD-86B7-6F06F1493899}.Debug|Any CPU.Build.0 = Debug|Any CPU
		{FF5C2AFB-07DB-4DFD-86B7-6F06F1493899}.Release|Any CPU.ActiveCfg = Release|Any CPU
		{FF5C2AFB-07DB-4DFD-86B7-6F06F1493899}.Release|Any CPU.Build.0 = Release|Any CPU
		{67CDD988-1B43-4D4B-858D-90D1443648AA}.Debug|Any CPU.ActiveCfg = Debug|Any CPU
		{67CDD988-1B43-4D4B-858D-90D1443648AA}.Debug|Any CPU.Build.0 = Debug|Any CPU
		{67CDD988-1B43-4D4B-858D-90D1443648AA}.Release|Any CPU.ActiveCfg = Release|Any CPU
		{67CDD988-1B43-4D4B-858D-90D1443648AA}.Release|Any CPU.Build.0 = Release|Any CPU
		{3EC94487-F1E8-4691-BDE1-43A6727B1CB7}.Debug|Any CPU.ActiveCfg = Debug|Any CPU
		{3EC94487-F1E8-4691-BDE1-43A6727B1CB7}.Debug|Any CPU.Build.0 = Debug|Any CPU
		{3EC94487-F1E8-4691-BDE1-43A6727B1CB7}.Release|Any CPU.ActiveCfg = Release|Any CPU
		{3EC94487-F1E8-4691-BDE1-43A6727B1CB7}.Release|Any CPU.Build.0 = Release|Any CPU
		{23EA62A5-71C7-4A7B-9807-E55C652819E8}.Debug|Any CPU.ActiveCfg = Debug|Any CPU
		{23EA62A5-71C7-4A7B-9807-E55C652819E8}.Debug|Any CPU.Build.0 = Debug|Any CPU
		{23EA62A5-71C7-4A7B-9807-E55C652819E8}.Release|Any CPU.ActiveCfg = Release|Any CPU
		{23EA62A5-71C7-4A7B-9807-E55C652819E8}.Release|Any CPU.Build.0 = Release|Any CPU
	EndGlobalSection
	GlobalSection(SolutionProperties) = preSolution
		HideSolutionNode = FALSE
	EndGlobalSection
	GlobalSection(NestedProjects) = preSolution
		{BB8CDA4A-3BBE-4856-859C-E965C736F5CF} = {676ED0A4-8A74-4D79-8D02-C416C7CE84FD}
		{A8FAB994-ADE9-4FDF-B1BB-CF70A74CCD94} = {676ED0A4-8A74-4D79-8D02-C416C7CE84FD}
		{25F4681A-DA27-4F74-B689-89A7CC7CB812} = {BB8CDA4A-3BBE-4856-859C-E965C736F5CF}
		{A671FE7A-578F-41CE-BB96-1F308DFBF5F6} = {BB8CDA4A-3BBE-4856-859C-E965C736F5CF}
		{ACFA8CC5-FA14-467E-9DEF-3D01413DB6CC} = {25F4681A-DA27-4F74-B689-89A7CC7CB812}
		{F1C5E675-09FB-4D2C-B9F2-C14E0FD499EB} = {BB8CDA4A-3BBE-4856-859C-E965C736F5CF}
		{09B300DE-3207-4887-B5C4-A44262F8F742} = {F1C5E675-09FB-4D2C-B9F2-C14E0FD499EB}
		{63B83D6C-7A19-47B1-BF81-95170B2A2ED4} = {A671FE7A-578F-41CE-BB96-1F308DFBF5F6}
		{640C52DF-06B2-4746-B07E-7554C5BF2367} = {63B83D6C-7A19-47B1-BF81-95170B2A2ED4}
		{07E475F8-FD21-4286-891C-DEA27E24B996} = {63B83D6C-7A19-47B1-BF81-95170B2A2ED4}
		{2FC78F1B-E1F2-4415-8972-AFBEEC778A96} = {63B83D6C-7A19-47B1-BF81-95170B2A2ED4}
		{DBCC44EA-20DA-472C-ABA2-E71B63ED21E0} = {63B83D6C-7A19-47B1-BF81-95170B2A2ED4}
		{DDD97181-DA1B-4A0D-B948-DDD33EA43D1B} = {63B83D6C-7A19-47B1-BF81-95170B2A2ED4}
		{54D38AFD-6322-4D45-842B-9425C2A084C7} = {07E475F8-FD21-4286-891C-DEA27E24B996}
		{FF5C2AFB-07DB-4DFD-86B7-6F06F1493899} = {2FC78F1B-E1F2-4415-8972-AFBEEC778A96}
		{67CDD988-1B43-4D4B-858D-90D1443648AA} = {DDD97181-DA1B-4A0D-B948-DDD33EA43D1B}
		{3EC94487-F1E8-4691-BDE1-43A6727B1CB7} = {DBCC44EA-20DA-472C-ABA2-E71B63ED21E0}
		{23EA62A5-71C7-4A7B-9807-E55C652819E8} = {640C52DF-06B2-4746-B07E-7554C5BF2367}
	EndGlobalSection
	GlobalSection(ExtensibilityGlobals) = postSolution
		SolutionGuid = {8A0496AC-B7C1-4F38-B86C-C07FD1E40CA8}
	EndGlobalSection
EndGlobal
