
Microsoft Visual Studio Solution File, Format Version 12.00
# Visual Studio Version 17
VisualStudioVersion = 17.10.34928.147
MinimumVisualStudioVersion = 10.0.40219.1
Project("{2150E333-8FDC-42A3-9474-1A3956D46DE8}") = "src", "src", "{676ED0A4-8A74-4D79-8D02-C416C7CE84FD}"
EndProject
Project("{2150E333-8FDC-42A3-9474-1A3956D46DE8}") = "BackEnd", "BackEnd", "{BB8CDA4A-3BBE-4856-859C-E965C736F5CF}"
EndProject
Project("{2150E333-8FDC-42A3-9474-1A3956D46DE8}") = "FrontEnd", "FrontEnd", "{A8FAB994-ADE9-4FDF-B1BB-CF70A74CCD94}"
EndProject
Project("{2150E333-8FDC-42A3-9474-1A3956D46DE8}") = "Common", "Common", "{25F4681A-DA27-4F74-B689-89A7CC7CB812}"
EndProject
Project("{2150E333-8FDC-42A3-9474-1A3956D46DE8}") = "Modules", "Modules", "{A671FE7A-578F-41CE-BB96-1F308DFBF5F6}"
EndProject
Project("{9A19103F-16F7-4668-BE54-9A1E7A4F7556}") = "ShopPro.Common.Data", "ShopPro.Common.Data\ShopPro.Common.Data.csproj", "{ACFA8CC5-FA14-467E-9DEF-3D01413DB6CC}"
EndProject
Project("{2150E333-8FDC-42A3-9474-1A3956D46DE8}") = "Infraestructure", "Infraestructure", "{F1C5E675-09FB-4D2C-B9F2-C14E0FD499EB}"
EndProject
Project("{9A19103F-16F7-4668-BE54-9A1E7A4F7556}") = "ShopPro.Infraestructure", "ShopPro.Infraestructure\ShopPro.Infraestructure.csproj", "{09B300DE-3207-4887-B5C4-A44262F8F742}"
EndProject
Project("{2150E333-8FDC-42A3-9474-1A3956D46DE8}") = "Catalog Management", "Catalog Management", "{63B83D6C-7A19-47B1-BF81-95170B2A2ED4}"
EndProject
Project("{2150E333-8FDC-42A3-9474-1A3956D46DE8}") = "Apis", "Apis", "{640C52DF-06B2-4746-B07E-7554C5BF2367}"
EndProject
Project("{2150E333-8FDC-42A3-9474-1A3956D46DE8}") = "Application", "Application", "{07E475F8-FD21-4286-891C-DEA27E24B996}"
EndProject
Project("{2150E333-8FDC-42A3-9474-1A3956D46DE8}") = "Domain", "Domain", "{2FC78F1B-E1F2-4415-8972-AFBEEC778A96}"
EndProject
Project("{2150E333-8FDC-42A3-9474-1A3956D46DE8}") = "Persistence", "Persistence", "{DBCC44EA-20DA-472C-ABA2-E71B63ED21E0}"
EndProject
Project("{9A19103F-16F7-4668-BE54-9A1E7A4F7556}") = "ShopPro.Catalog.Application", "ShopPro.Categories.Application\ShopPro.Catalog.Application.csproj", "{1F74BDA6-B90D-483A-A06D-9034194492E0}"
EndProject
Project("{9A19103F-16F7-4668-BE54-9A1E7A4F7556}") = "ShopPro.Catalog.Domain", "ShopPro.Categories.Domain\ShopPro.Catalog.Domain.csproj", "{634A12A8-8BA6-4235-8BD3-B1E5A3AB0250}"
EndProject
Project("{9A19103F-16F7-4668-BE54-9A1E7A4F7556}") = "ShopPro.Catalog.Persistence", "ShopPro.Tables.Persistence\ShopPro.Catalog.Persistence.csproj", "{7314B955-9721-4147-A676-470FA5BCC967}"
EndProject
Project("{9A19103F-16F7-4668-BE54-9A1E7A4F7556}") = "ShopPro.Catalog.Api", "ShopPro.Tables.Api\ShopPro.Catalog.Api.csproj", "{549836D1-F64A-4263-AB5D-17D45F9E09DE}"
EndProject
Project("{2150E333-8FDC-42A3-9474-1A3956D46DE8}") = "IOC", "IOC", "{DDD97181-DA1B-4A0D-B948-DDD33EA43D1B}"
EndProject
Project("{9A19103F-16F7-4668-BE54-9A1E7A4F7556}") = "ShopPro.Catalog.IOC", "ShopPro.Tables.IOC\ShopPro.Catalog.IOC.csproj", "{C0D14936-7159-4DBA-A3CF-C1A132829C27}"
EndProject
Global
	GlobalSection(SolutionConfigurationPlatforms) = preSolution
		Debug|Any CPU = Debug|Any CPU
		Release|Any CPU = Release|Any CPU
	EndGlobalSection
	GlobalSection(ProjectConfigurationPlatforms) = postSolution
		{ACFA8CC5-FA14-467E-9DEF-3D01413DB6CC}.Debug|Any CPU.ActiveCfg = Debug|Any CPU
		{ACFA8CC5-FA14-467E-9DEF-3D01413DB6CC}.Debug|Any CPU.Build.0 = Debug|Any CPU
		{ACFA8CC5-FA14-467E-9DEF-3D01413DB6CC}.Release|Any CPU.ActiveCfg = Release|Any CPU
		{ACFA8CC5-FA14-467E-9DEF-3D01413DB6CC}.Release|Any CPU.Build.0 = Release|Any CPU
		{09B300DE-3207-4887-B5C4-A44262F8F742}.Debug|Any CPU.ActiveCfg = Debug|Any CPU
		{09B300DE-3207-4887-B5C4-A44262F8F742}.Debug|Any CPU.Build.0 = Debug|Any CPU
		{09B300DE-3207-4887-B5C4-A44262F8F742}.Release|Any CPU.ActiveCfg = Release|Any CPU
		{09B300DE-3207-4887-B5C4-A44262F8F742}.Release|Any CPU.Build.0 = Release|Any CPU
		{1F74BDA6-B90D-483A-A06D-9034194492E0}.Debug|Any CPU.ActiveCfg = Debug|Any CPU
		{1F74BDA6-B90D-483A-A06D-9034194492E0}.Debug|Any CPU.Build.0 = Debug|Any CPU
		{1F74BDA6-B90D-483A-A06D-9034194492E0}.Release|Any CPU.ActiveCfg = Release|Any CPU
		{1F74BDA6-B90D-483A-A06D-9034194492E0}.Release|Any CPU.Build.0 = Release|Any CPU
		{634A12A8-8BA6-4235-8BD3-B1E5A3AB0250}.Debug|Any CPU.ActiveCfg = Debug|Any CPU
		{634A12A8-8BA6-4235-8BD3-B1E5A3AB0250}.Debug|Any CPU.Build.0 = Debug|Any CPU
		{634A12A8-8BA6-4235-8BD3-B1E5A3AB0250}.Release|Any CPU.ActiveCfg = Release|Any CPU
		{634A12A8-8BA6-4235-8BD3-B1E5A3AB0250}.Release|Any CPU.Build.0 = Release|Any CPU
		{7314B955-9721-4147-A676-470FA5BCC967}.Debug|Any CPU.ActiveCfg = Debug|Any CPU
		{7314B955-9721-4147-A676-470FA5BCC967}.Debug|Any CPU.Build.0 = Debug|Any CPU
		{7314B955-9721-4147-A676-470FA5BCC967}.Release|Any CPU.ActiveCfg = Release|Any CPU
		{7314B955-9721-4147-A676-470FA5BCC967}.Release|Any CPU.Build.0 = Release|Any CPU
		{549836D1-F64A-4263-AB5D-17D45F9E09DE}.Debug|Any CPU.ActiveCfg = Debug|Any CPU
		{549836D1-F64A-4263-AB5D-17D45F9E09DE}.Debug|Any CPU.Build.0 = Debug|Any CPU
		{549836D1-F64A-4263-AB5D-17D45F9E09DE}.Release|Any CPU.ActiveCfg = Release|Any CPU
		{549836D1-F64A-4263-AB5D-17D45F9E09DE}.Release|Any CPU.Build.0 = Release|Any CPU
		{C0D14936-7159-4DBA-A3CF-C1A132829C27}.Debug|Any CPU.ActiveCfg = Debug|Any CPU
		{C0D14936-7159-4DBA-A3CF-C1A132829C27}.Debug|Any CPU.Build.0 = Debug|Any CPU
		{C0D14936-7159-4DBA-A3CF-C1A132829C27}.Release|Any CPU.ActiveCfg = Release|Any CPU
		{C0D14936-7159-4DBA-A3CF-C1A132829C27}.Release|Any CPU.Build.0 = Release|Any CPU
	EndGlobalSection
	GlobalSection(SolutionProperties) = preSolution
		HideSolutionNode = FALSE
	EndGlobalSection
	GlobalSection(NestedProjects) = preSolution
		{BB8CDA4A-3BBE-4856-859C-E965C736F5CF} = {676ED0A4-8A74-4D79-8D02-C416C7CE84FD}
		{A8FAB994-ADE9-4FDF-B1BB-CF70A74CCD94} = {676ED0A4-8A74-4D79-8D02-C416C7CE84FD}
		{25F4681A-DA27-4F74-B689-89A7CC7CB812} = {BB8CDA4A-3BBE-4856-859C-E965C736F5CF}
		{A671FE7A-578F-41CE-BB96-1F308DFBF5F6} = {BB8CDA4A-3BBE-4856-859C-E965C736F5CF}
		{ACFA8CC5-FA14-467E-9DEF-3D01413DB6CC} = {25F4681A-DA27-4F74-B689-89A7CC7CB812}
		{F1C5E675-09FB-4D2C-B9F2-C14E0FD499EB} = {BB8CDA4A-3BBE-4856-859C-E965C736F5CF}
		{09B300DE-3207-4887-B5C4-A44262F8F742} = {F1C5E675-09FB-4D2C-B9F2-C14E0FD499EB}
		{63B83D6C-7A19-47B1-BF81-95170B2A2ED4} = {A671FE7A-578F-41CE-BB96-1F308DFBF5F6}
		{640C52DF-06B2-4746-B07E-7554C5BF2367} = {63B83D6C-7A19-47B1-BF81-95170B2A2ED4}
		{07E475F8-FD21-4286-891C-DEA27E24B996} = {63B83D6C-7A19-47B1-BF81-95170B2A2ED4}
		{2FC78F1B-E1F2-4415-8972-AFBEEC778A96} = {63B83D6C-7A19-47B1-BF81-95170B2A2ED4}
		{DBCC44EA-20DA-472C-ABA2-E71B63ED21E0} = {63B83D6C-7A19-47B1-BF81-95170B2A2ED4}
		{1F74BDA6-B90D-483A-A06D-9034194492E0} = {07E475F8-FD21-4286-891C-DEA27E24B996}
		{634A12A8-8BA6-4235-8BD3-B1E5A3AB0250} = {2FC78F1B-E1F2-4415-8972-AFBEEC778A96}
		{7314B955-9721-4147-A676-470FA5BCC967} = {DBCC44EA-20DA-472C-ABA2-E71B63ED21E0}
		{549836D1-F64A-4263-AB5D-17D45F9E09DE} = {640C52DF-06B2-4746-B07E-7554C5BF2367}
		{DDD97181-DA1B-4A0D-B948-DDD33EA43D1B} = {63B83D6C-7A19-47B1-BF81-95170B2A2ED4}
		{C0D14936-7159-4DBA-A3CF-C1A132829C27} = {DDD97181-DA1B-4A0D-B948-DDD33EA43D1B}
	EndGlobalSection
	GlobalSection(ExtensibilityGlobals) = postSolution
		SolutionGuid = {8A0496AC-B7C1-4F38-B86C-C07FD1E40CA8}
	EndGlobalSection
EndGlobal
